
Microsoft Visual Studio Solution File, Format Version 12.00
# Visual Studio Version 16
VisualStudioVersion = 16.0.29424.173
MinimumVisualStudioVersion = 10.0.40219.1
Project("{9A19103F-16F7-4668-BE54-9A1E7A4F7556}") = "FastMobile.FXamarin.Core", "FastMobile.FXamarin.Core\FastMobile.FXamarin.Core.csproj", "{A05410E2-1FAB-431B-B8C8-B0227505A6C1}"
EndProject
Project("{FAE04EC0-301F-11D3-BF4B-00C04F79EFBC}") = "FastMobile.FXamarin.Core.FiOS", "FastMobile.FXamarin.Core.FiOS\FastMobile.FXamarin.Core.FiOS.csproj", "{679DFD89-92B7-40D2-804B-01B1B4A9BEE4}"
EndProject
Project("{FAE04EC0-301F-11D3-BF4B-00C04F79EFBC}") = "FastMobile.FXamarin.Core.FAndroid", "FastMobile.FXamarin.Core.FAndroid\FastMobile.FXamarin.Core.FAndroid.csproj", "{4ED5BA1D-73F6-4024-AB78-D72F5ED127C7}"
EndProject
Global
	GlobalSection(SolutionConfigurationPlatforms) = preSolution
		Debug|Any CPU = Debug|Any CPU
		Release|Any CPU = Release|Any CPU
	EndGlobalSection
	GlobalSection(ProjectConfigurationPlatforms) = postSolution
		{A05410E2-1FAB-431B-B8C8-B0227505A6C1}.Debug|Any CPU.ActiveCfg = Debug|Any CPU
		{A05410E2-1FAB-431B-B8C8-B0227505A6C1}.Debug|Any CPU.Build.0 = Debug|Any CPU
		{A05410E2-1FAB-431B-B8C8-B0227505A6C1}.Release|Any CPU.ActiveCfg = Debug|Any CPU
		{A05410E2-1FAB-431B-B8C8-B0227505A6C1}.Release|Any CPU.Build.0 = Debug|Any CPU
		{679DFD89-92B7-40D2-804B-01B1B4A9BEE4}.Debug|Any CPU.ActiveCfg = Debug|Any CPU
		{679DFD89-92B7-40D2-804B-01B1B4A9BEE4}.Debug|Any CPU.Build.0 = Debug|Any CPU
		{679DFD89-92B7-40D2-804B-01B1B4A9BEE4}.Release|Any CPU.ActiveCfg = Debug|Any CPU
		{679DFD89-92B7-40D2-804B-01B1B4A9BEE4}.Release|Any CPU.Build.0 = Debug|Any CPU
		{4ED5BA1D-73F6-4024-AB78-D72F5ED127C7}.Debug|Any CPU.ActiveCfg = Debug|Any CPU
		{4ED5BA1D-73F6-4024-AB78-D72F5ED127C7}.Debug|Any CPU.Build.0 = Debug|Any CPU
		{4ED5BA1D-73F6-4024-AB78-D72F5ED127C7}.Release|Any CPU.ActiveCfg = Debug|Any CPU
		{4ED5BA1D-73F6-4024-AB78-D72F5ED127C7}.Release|Any CPU.Build.0 = Debug|Any CPU
	EndGlobalSection
	GlobalSection(SolutionProperties) = preSolution
		HideSolutionNode = FALSE
	EndGlobalSection
	GlobalSection(ExtensibilityGlobals) = postSolution
		SolutionGuid = {32AE2B88-1273-4CCB-96B5-3CBD13B2B03A}
	EndGlobalSection
EndGlobal
